
Microsoft Visual Studio Solution File, Format Version 12.00
# Visual Studio Version 17
VisualStudioVersion = 17.4.33403.182
MinimumVisualStudioVersion = 10.0.40219.1
Project("{9A19103F-16F7-4668-BE54-9A1E7A4F7556}") = "TicketSystem", "TicketSystem\TicketSystem.csproj", "{92A4F5C0-02EE-40C8-AF52-565A4BCED1F3}"
EndProject
Project("{9A19103F-16F7-4668-BE54-9A1E7A4F7556}") = "TelegramBot", "TelegramBot\TelegramBot.csproj", "{7E5EA231-BFBF-456B-8138-6BE6148A066E}"
EndProject
Project("{FAE04EC0-301F-11D3-BF4B-00C04F79EFBC}") = "TicketSystemDesktop", "TicketSystemDesktop\TicketSystemDesktop.csproj", "{C78EFE1B-167F-451D-B889-B5D89F516045}"
EndProject
Global
	GlobalSection(SolutionConfigurationPlatforms) = preSolution
		Debug|Any CPU = Debug|Any CPU
		Release|Any CPU = Release|Any CPU
	EndGlobalSection
	GlobalSection(ProjectConfigurationPlatforms) = postSolution
		{92A4F5C0-02EE-40C8-AF52-565A4BCED1F3}.Debug|Any CPU.ActiveCfg = Debug|Any CPU
		{92A4F5C0-02EE-40C8-AF52-565A4BCED1F3}.Debug|Any CPU.Build.0 = Debug|Any CPU
		{92A4F5C0-02EE-40C8-AF52-565A4BCED1F3}.Release|Any CPU.ActiveCfg = Release|Any CPU
		{92A4F5C0-02EE-40C8-AF52-565A4BCED1F3}.Release|Any CPU.Build.0 = Release|Any CPU
		{7E5EA231-BFBF-456B-8138-6BE6148A066E}.Debug|Any CPU.ActiveCfg = Debug|Any CPU
		{7E5EA231-BFBF-456B-8138-6BE6148A066E}.Debug|Any CPU.Build.0 = Debug|Any CPU
		{7E5EA231-BFBF-456B-8138-6BE6148A066E}.Release|Any CPU.ActiveCfg = Release|Any CPU
		{7E5EA231-BFBF-456B-8138-6BE6148A066E}.Release|Any CPU.Build.0 = Release|Any CPU
		{C78EFE1B-167F-451D-B889-B5D89F516045}.Debug|Any CPU.ActiveCfg = Debug|Any CPU
		{C78EFE1B-167F-451D-B889-B5D89F516045}.Debug|Any CPU.Build.0 = Debug|Any CPU
		{C78EFE1B-167F-451D-B889-B5D89F516045}.Release|Any CPU.ActiveCfg = Release|Any CPU
		{C78EFE1B-167F-451D-B889-B5D89F516045}.Release|Any CPU.Build.0 = Release|Any CPU
	EndGlobalSection
	GlobalSection(SolutionProperties) = preSolution
		HideSolutionNode = FALSE
	EndGlobalSection
	GlobalSection(ExtensibilityGlobals) = postSolution
		SolutionGuid = {D946E0E0-F650-40B1-A7BD-E2390AB570FF}
	EndGlobalSection
EndGlobal
